<?xml version="1.0" encoding="utf-8"?>
<Project ToolsVersion="4.0" xmlns="http://schemas.microsoft.com/developer/msbuild/2003">
  <ItemGroup>
    <Filter Include="源文件">
      <UniqueIdentifier>{4FC737F1-C7A5-4376-A066-2A32D752A2FF}</UniqueIdentifier>
      <Extensions>cpp;c;cc;cxx;c++;cppm;ixx;def;odl;idl;hpj;bat;asm;asmx</Extensions>
    </Filter>
    <Filter Include="头文件">
      <UniqueIdentifier>{93995380-89BD-4b04-88EB-625FBE52EBFB}</UniqueIdentifier>
      <Extensions>h;hh;hpp;hxx;h++;hm;inl;inc;ipp;xsd</Extensions>
    </Filter>
    <Filter Include="资源文件">
      <UniqueIdentifier>{67DA6AB6-F800-4c08-8B7A-83BB121AAD01}</UniqueIdentifier>
      <Extensions>rc;ico;cur;bmp;dlg;rc2;rct;bin;rgs;gif;jpg;jpeg;jpe;resx;tiff;tif;png;wav;mfcribbon-ms</Extensions>
    </Filter>
    <Filter Include="algorithm">
      <UniqueIdentifier>{b63bf5bc-db8b-446f-b784-0a29367d7188}</UniqueIdentifier>
    </Filter>
    <Filter Include="util">
      <UniqueIdentifier>{a5cb62fa-efda-453b-98e6-a8e44ea2c005}</UniqueIdentifier>
    </Filter>
    <Filter Include="base">
      <UniqueIdentifier>{319c6c7e-d3b0-490c-8fca-83f64a7e2397}</UniqueIdentifier>
    </Filter>
  </ItemGroup>
  <ItemGroup>
    <ClCompile Include="leetcode.cpp">
      <Filter>源文件</Filter>
    </ClCompile>
  </ItemGroup>
  <ItemGroup>
    <ClInclude Include="algorithm\110_balanced_binary_tree.h">
      <Filter>algorithm</Filter>
    </ClInclude>
    <ClInclude Include="base\base.h">
      <Filter>base</Filter>
    </ClInclude>
    <ClInclude Include="util\binary_tree_util.h">
      <Filter>util</Filter>
    </ClInclude>
    <ClInclude Include="algorithm\3_longest_substring_without_repeating_characters.h">
      <Filter>algorithm</Filter>
    </ClInclude>
    <ClInclude Include="util\list_util.h">
      <Filter>util</Filter>
    </ClInclude>
    <ClInclude Include="util\input_util.h">
      <Filter>util</Filter>
    </ClInclude>
    <ClInclude Include="algorithm\24_swap_nodes_in_pairs.h">
      <Filter>algorithm</Filter>
    </ClInclude>
    <ClInclude Include="algorithm\algorithm.h">
      <Filter>algorithm</Filter>
    </ClInclude>
    <ClInclude Include="algorithm\17_letter_combinations_of_a_phone_number.h">
      <Filter>algorithm</Filter>
    </ClInclude>
    <ClInclude Include="algorithm\23_merge_k_sorted_lists.h">
      <Filter>algorithm</Filter>
    </ClInclude>
    <ClInclude Include="algorithm\67_add_binary.h">
      <Filter>algorithm</Filter>
    </ClInclude>
    <ClInclude Include="algorithm\268_missing_number.h">
      <Filter>algorithm</Filter>
    </ClInclude>
    <ClInclude Include="util\std_util.h">
      <Filter>util</Filter>
    </ClInclude>
    <ClInclude Include="algorithm\318_maximum_product_of_word_lengths.h">
      <Filter>algorithm</Filter>
    </ClInclude>
    <ClInclude Include="algorithm\29_devide_two_integers.h">
      <Filter>algorithm</Filter>
    </ClInclude>
    <ClInclude Include="algorithm\1342_number_of_steps_to_reduce_a_number_to_zero.h">
      <Filter>algorithm</Filter>
    </ClInclude>
    <ClInclude Include="algorithm\1461_check_if_a_string_contains_all_binary_codes_of_size_k.h">
      <Filter>algorithm</Filter>
    </ClInclude>
    <ClInclude Include="algorithm\1480_running_sum_of_1d_array.h">
      <Filter>algorithm</Filter>
    </ClInclude>
    <ClInclude Include="algorithm\37_sudoku_solver.h">
      <Filter>algorithm</Filter>
    </ClInclude>
    <ClInclude Include="algorithm\867_transpose_matrix.h">
      <Filter>algorithm</Filter>
    </ClInclude>
    <ClInclude Include="algorithm\304_range_sum_query_2d_immutable.h">
      <Filter>algorithm</Filter>
    </ClInclude>
    <ClInclude Include="algorithm\51_n_queens.h">
      <Filter>algorithm</Filter>
    </ClInclude>
    <ClInclude Include="algorithm\52_n_queens_ii.h">
      <Filter>algorithm</Filter>
    </ClInclude>
    <ClInclude Include="algorithm\160_intersection_of_two_linked_lists.h">
      <Filter>algorithm</Filter>
    </ClInclude>
    <ClInclude Include="algorithm\88_merge_sorted_array.h">
      <Filter>algorithm</Filter>
    </ClInclude>
  </ItemGroup>
</Project>